{
    "_readme": [
        "This file locks the dependencies of your project to a known state",
        "Read more about it at https://getcomposer.org/doc/01-basic-usage.md#installing-dependencies",
        "This file is @generated automatically"
    ],
    "content-hash": "9406acbfbbe0b1797a7224b52501b19b",
    "packages": [
        {
            "name": "aternos/model",
            "version": "v3.2.3",
            "source": {
                "type": "git",
                "url": "https://github.com/aternosorg/php-model.git",
                "reference": "97adb4e17588e608378d17d7cea8e37bf7accdb9"
            },
            "dist": {
                "type": "zip",
                "url": "https://api.github.com/repos/aternosorg/php-model/zipball/97adb4e17588e608378d17d7cea8e37bf7accdb9",
                "reference": "97adb4e17588e608378d17d7cea8e37bf7accdb9",
                "shasum": ""
            },
            "require": {
                "ext-json": "*",
                "php": ">=8.0"
            },
            "require-dev": {
                "elasticsearch/elasticsearch": "^7.10",
                "phpunit/phpunit": "^10.2"
            },
            "suggest": {
                "elasticsearch/elasticsearch": "To use the Elasticsearch Search driver",
                "ext-cassandra": "To use the Cassandra NoSQL driver",
                "ext-mysqli": "To use the Mysqli Relational driver",
                "ext-redis": "To use the Redis Cache driver"
            },
            "type": "library",
            "autoload": {
                "psr-4": {
                    "Aternos\\Model\\": "src/"
                }
            },
            "notification-url": "https://packagist.org/downloads/",
            "license": [
                "MIT"
            ],
            "authors": [
                {
                    "name": "Matthias Neid",
                    "email": "matthias@aternos.org"
                }
            ],
            "description": "PHP library for simple and complex database models",
            "keywords": [
                "database",
                "model"
            ],
            "support": {
                "issues": "https://github.com/aternosorg/php-model/issues",
                "source": "https://github.com/aternosorg/php-model"
            },
            "time": "2023-06-30T15:46:01+00:00"
        },
        {
            "name": "erusev/parsedown",
            "version": "1.7.4",
            "source": {
                "type": "git",
                "url": "https://github.com/erusev/parsedown.git",
                "reference": "cb17b6477dfff935958ba01325f2e8a2bfa6dab3"
            },
            "dist": {
                "type": "zip",
                "url": "https://api.github.com/repos/erusev/parsedown/zipball/cb17b6477dfff935958ba01325f2e8a2bfa6dab3",
                "reference": "cb17b6477dfff935958ba01325f2e8a2bfa6dab3",
                "shasum": ""
            },
            "require": {
                "ext-mbstring": "*",
                "php": ">=5.3.0"
            },
            "require-dev": {
                "phpunit/phpunit": "^4.8.35"
            },
            "type": "library",
            "autoload": {
                "psr-0": {
                    "Parsedown": ""
                }
            },
            "notification-url": "https://packagist.org/downloads/",
            "license": [
                "MIT"
            ],
            "authors": [
                {
                    "name": "Emanuil Rusev",
                    "email": "hello@erusev.com",
                    "homepage": "http://erusev.com"
                }
            ],
            "description": "Parser for Markdown.",
            "homepage": "http://parsedown.org",
            "keywords": [
                "markdown",
                "parser"
            ],
            "support": {
                "issues": "https://github.com/erusev/parsedown/issues",
                "source": "https://github.com/erusev/parsedown/tree/1.7.x"
            },
            "time": "2019-12-30T22:54:17+00:00"
        }
    ],
    "packages-dev": [],
    "aliases": [],
    "minimum-stability": "stable",
    "stability-flags": [],
    "prefer-stable": false,
    "prefer-lowest": false,
    "platform": [],
    "platform-dev": [],
    "plugin-api-version": "2.3.0"
}
